
Microsoft Visual Studio Solution File, Format Version 12.00
# Visual Studio Version 17
VisualStudioVersion = 17.8.34525.116
MinimumVisualStudioVersion = 10.0.40219.1
Project("{9A19103F-16F7-4668-BE54-9A1E7A4F7556}") = "WeatherForecast", "WeatherForecast.csproj", "{B47EF391-4EC0-48C1-8A09-D76FAC8EC246}"
EndProject
Project("{FAE04EC0-301F-11D3-BF4B-00C04F79EFBC}") = "WeatherForecast.Test", "..\WeatherForecast.Test\WeatherForecast.Test.csproj", "{18E49617-081A-4909-8FBF-F6344203A3E3}"
EndProject
Global
	GlobalSection(SolutionConfigurationPlatforms) = preSolution
		Debug|Any CPU = Debug|Any CPU
		Release|Any CPU = Release|Any CPU
	EndGlobalSection
	GlobalSection(ProjectConfigurationPlatforms) = postSolution
		{B47EF391-4EC0-48C1-8A09-D76FAC8EC246}.Debug|Any CPU.ActiveCfg = Debug|Any CPU
		{B47EF391-4EC0-48C1-8A09-D76FAC8EC246}.Debug|Any CPU.Build.0 = Debug|Any CPU
		{B47EF391-4EC0-48C1-8A09-D76FAC8EC246}.Release|Any CPU.ActiveCfg = Release|Any CPU
		{B47EF391-4EC0-48C1-8A09-D76FAC8EC246}.Release|Any CPU.Build.0 = Release|Any CPU
		{18E49617-081A-4909-8FBF-F6344203A3E3}.Debug|Any CPU.ActiveCfg = Debug|Any CPU
		{18E49617-081A-4909-8FBF-F6344203A3E3}.Debug|Any CPU.Build.0 = Debug|Any CPU
		{18E49617-081A-4909-8FBF-F6344203A3E3}.Release|Any CPU.ActiveCfg = Release|Any CPU
		{18E49617-081A-4909-8FBF-F6344203A3E3}.Release|Any CPU.Build.0 = Release|Any CPU
	EndGlobalSection
	GlobalSection(SolutionProperties) = preSolution
		HideSolutionNode = FALSE
	EndGlobalSection
	GlobalSection(ExtensibilityGlobals) = postSolution
		SolutionGuid = {D187B785-AC68-4F6C-BC0F-4735A9C47C22}
	EndGlobalSection
EndGlobal
